// !$*UTF8*$!
{
	archiveVersion = 1;
	classes = {
	};
	objectVersion = 55;
	objects = {

/* Begin PBXBuildFile section */
		6206564B27992DBA00B15DCF /* FruitRowView.swift in Sources */ = {isa = PBXBuildFile; fileRef = 6206564A27992DBA00B15DCF /* FruitRowView.swift */; };
		6206564D2799313900B15DCF /* FruitDetailView.swift in Sources */ = {isa = PBXBuildFile; fileRef = 6206564C2799313900B15DCF /* FruitDetailView.swift */; };
		6206564F2799344100B15DCF /* FruitHeaderView.swift in Sources */ = {isa = PBXBuildFile; fileRef = 6206564E2799344100B15DCF /* FruitHeaderView.swift */; };
		620656512799368F00B15DCF /* SourceLinkView.swift in Sources */ = {isa = PBXBuildFile; fileRef = 620656502799368F00B15DCF /* SourceLinkView.swift */; };
		621E14ED2797CD1200BF5825 /* FructusApp.swift in Sources */ = {isa = PBXBuildFile; fileRef = 621E14EC2797CD1200BF5825 /* FructusApp.swift */; };
		621E14EF2797CD1200BF5825 /* ContentView.swift in Sources */ = {isa = PBXBuildFile; fileRef = 621E14EE2797CD1200BF5825 /* ContentView.swift */; };
		621E14F12797CD1300BF5825 /* Assets.xcassets in Resources */ = {isa = PBXBuildFile; fileRef = 621E14F02797CD1300BF5825 /* Assets.xcassets */; };
		621E14F42797CD1300BF5825 /* Preview Assets.xcassets in Resources */ = {isa = PBXBuildFile; fileRef = 621E14F32797CD1300BF5825 /* Preview Assets.xcassets */; };
		621E14FD2797D11000BF5825 /* FruitCardView.swift in Sources */ = {isa = PBXBuildFile; fileRef = 621E14FC2797D11000BF5825 /* FruitCardView.swift */; };
		621E14FF2797D48B00BF5825 /* StartButtonView.swift in Sources */ = {isa = PBXBuildFile; fileRef = 621E14FE2797D48B00BF5825 /* StartButtonView.swift */; };
		621E15012797D72E00BF5825 /* OnboardingView.swift in Sources */ = {isa = PBXBuildFile; fileRef = 621E15002797D72E00BF5825 /* OnboardingView.swift */; };
		621E15042797DA8400BF5825 /* FruitModel.swift in Sources */ = {isa = PBXBuildFile; fileRef = 621E15032797DA8400BF5825 /* FruitModel.swift */; };
		621E15072797DB7800BF5825 /* FruitData.swift in Sources */ = {isa = PBXBuildFile; fileRef = 621E15062797DB7800BF5825 /* FruitData.swift */; };
/* End PBXBuildFile section */

/* Begin PBXFileReference section */
		6206564A27992DBA00B15DCF /* FruitRowView.swift */ = {isa = PBXFileReference; lastKnownFileType = sourcecode.swift; path = FruitRowView.swift; sourceTree = "<group>"; };
		6206564C2799313900B15DCF /* FruitDetailView.swift */ = {isa = PBXFileReference; lastKnownFileType = sourcecode.swift; path = FruitDetailView.swift; sourceTree = "<group>"; };
		6206564E2799344100B15DCF /* FruitHeaderView.swift */ = {isa = PBXFileReference; lastKnownFileType = sourcecode.swift; path = FruitHeaderView.swift; sourceTree = "<group>"; };
		620656502799368F00B15DCF /* SourceLinkView.swift */ = {isa = PBXFileReference; lastKnownFileType = sourcecode.swift; path = SourceLinkView.swift; sourceTree = "<group>"; };
		621E14E92797CD1200BF5825 /* Fructus.app */ = {isa = PBXFileReference; explicitFileType = wrapper.application; includeInIndex = 0; path = Fructus.app; sourceTree = BUILT_PRODUCTS_DIR; };
		621E14EC2797CD1200BF5825 /* FructusApp.swift */ = {isa = PBXFileReference; lastKnownFileType = sourcecode.swift; path = FructusApp.swift; sourceTree = "<group>"; };
		621E14EE2797CD1200BF5825 /* ContentView.swift */ = {isa = PBXFileReference; lastKnownFileType = sourcecode.swift; path = ContentView.swift; sourceTree = "<group>"; };
		621E14F02797CD1300BF5825 /* Assets.xcassets */ = {isa = PBXFileReference; lastKnownFileType = folder.assetcatalog; path = Assets.xcassets; sourceTree = "<group>"; };
		621E14F32797CD1300BF5825 /* Preview Assets.xcassets */ = {isa = PBXFileReference; lastKnownFileType = folder.assetcatalog; path = "Preview Assets.xcassets"; sourceTree = "<group>"; };
		621E14FC2797D11000BF5825 /* FruitCardView.swift */ = {isa = PBXFileReference; lastKnownFileType = sourcecode.swift; path = FruitCardView.swift; sourceTree = "<group>"; };
		621E14FE2797D48B00BF5825 /* StartButtonView.swift */ = {isa = PBXFileReference; lastKnownFileType = sourcecode.swift; path = StartButtonView.swift; sourceTree = "<group>"; };
		621E15002797D72E00BF5825 /* OnboardingView.swift */ = {isa = PBXFileReference; lastKnownFileType = sourcecode.swift; path = OnboardingView.swift; sourceTree = "<group>"; };
		621E15032797DA8400BF5825 /* FruitModel.swift */ = {isa = PBXFileReference; lastKnownFileType = sourcecode.swift; path = FruitModel.swift; sourceTree = "<group>"; };
		621E15062797DB7800BF5825 /* FruitData.swift */ = {isa = PBXFileReference; lastKnownFileType = sourcecode.swift; path = FruitData.swift; sourceTree = "<group>"; };
/* End PBXFileReference section */

/* Begin PBXFrameworksBuildPhase section */
		621E14E62797CD1200BF5825 /* Frameworks */ = {
			isa = PBXFrameworksBuildPhase;
			buildActionMask = 2147483647;
			files = (
			);
			runOnlyForDeploymentPostprocessing = 0;
		};
/* End PBXFrameworksBuildPhase section */

/* Begin PBXGroup section */
		621E14E02797CD1200BF5825 = {
			isa = PBXGroup;
			children = (
				621E14EB2797CD1200BF5825 /* Fructus */,
				621E14EA2797CD1200BF5825 /* Products */,
			);
			sourceTree = "<group>";
		};
		621E14EA2797CD1200BF5825 /* Products */ = {
			isa = PBXGroup;
			children = (
				621E14E92797CD1200BF5825 /* Fructus.app */,
			);
			name = Products;
			sourceTree = "<group>";
		};
		621E14EB2797CD1200BF5825 /* Fructus */ = {
			isa = PBXGroup;
			children = (
				621E14FA2797D09C00BF5825 /* App */,
				621E14F22797CD1300BF5825 /* Preview Content */,
				621E14F02797CD1300BF5825 /* Assets.xcassets */,
				621E14FB2797D0CA00BF5825 /* View */,
				621E15022797DA6900BF5825 /* Model */,
				621E15052797DB6200BF5825 /* Data */,
			);
			path = Fructus;
			sourceTree = "<group>";
		};
		621E14F22797CD1300BF5825 /* Preview Content */ = {
			isa = PBXGroup;
			children = (
				621E14F32797CD1300BF5825 /* Preview Assets.xcassets */,
			);
			path = "Preview Content";
			sourceTree = "<group>";
		};
		621E14FA2797D09C00BF5825 /* App */ = {
			isa = PBXGroup;
			children = (
				621E14EC2797CD1200BF5825 /* FructusApp.swift */,
				621E14EE2797CD1200BF5825 /* ContentView.swift */,
				621E15002797D72E00BF5825 /* OnboardingView.swift */,
				6206564C2799313900B15DCF /* FruitDetailView.swift */,
			);
			path = App;
			sourceTree = "<group>";
		};
		621E14FB2797D0CA00BF5825 /* View */ = {
			isa = PBXGroup;
			children = (
				621E14FC2797D11000BF5825 /* FruitCardView.swift */,
				621E14FE2797D48B00BF5825 /* StartButtonView.swift */,
				6206564A27992DBA00B15DCF /* FruitRowView.swift */,
				6206564E2799344100B15DCF /* FruitHeaderView.swift */,
				620656502799368F00B15DCF /* SourceLinkView.swift */,
			);
			path = View;
			sourceTree = "<group>";
		};
		621E15022797DA6900BF5825 /* Model */ = {
			isa = PBXGroup;
			children = (
				621E15032797DA8400BF5825 /* FruitModel.swift */,
			);
			path = Model;
			sourceTree = "<group>";
		};
		621E15052797DB6200BF5825 /* Data */ = {
			isa = PBXGroup;
			children = (
				621E15062797DB7800BF5825 /* FruitData.swift */,
			);
			path = Data;
			sourceTree = "<group>";
		};
/* End PBXGroup section */

/* Begin PBXNativeTarget section */
		621E14E82797CD1200BF5825 /* Fructus */ = {
			isa = PBXNativeTarget;
			buildConfigurationList = 621E14F72797CD1300BF5825 /* Build configuration list for PBXNativeTarget "Fructus" */;
			buildPhases = (
				621E14E52797CD1200BF5825 /* Sources */,
				621E14E62797CD1200BF5825 /* Frameworks */,
				621E14E72797CD1200BF5825 /* Resources */,
			);
			buildRules = (
			);
			dependencies = (
			);
			name = Fructus;
			productName = Fructus;
			productReference = 621E14E92797CD1200BF5825 /* Fructus.app */;
			productType = "com.apple.product-type.application";
		};
/* End PBXNativeTarget section */

/* Begin PBXProject section */
		621E14E12797CD1200BF5825 /* Project object */ = {
			isa = PBXProject;
			attributes = {
				BuildIndependentTargetsInParallel = 1;
				LastSwiftUpdateCheck = 1320;
				LastUpgradeCheck = 1320;
				TargetAttributes = {
					621E14E82797CD1200BF5825 = {
						CreatedOnToolsVersion = 13.2.1;
					};
				};
			};
			buildConfigurationList = 621E14E42797CD1200BF5825 /* Build configuration list for PBXProject "Fructus" */;
			compatibilityVersion = "Xcode 13.0";
			developmentRegion = en;
			hasScannedForEncodings = 0;
			knownRegions = (
				en,
				Base,
			);
			mainGroup = 621E14E02797CD1200BF5825;
			productRefGroup = 621E14EA2797CD1200BF5825 /* Products */;
			projectDirPath = "";
			projectRoot = "";
			targets = (
				621E14E82797CD1200BF5825 /* Fructus */,
			);
		};
/* End PBXProject section */

/* Begin PBXResourcesBuildPhase section */
		621E14E72797CD1200BF5825 /* Resources */ = {
			isa = PBXResourcesBuildPhase;
			buildActionMask = 2147483647;
			files = (
				621E14F42797CD1300BF5825 /* Preview Assets.xcassets in Resources */,
				621E14F12797CD1300BF5825 /* Assets.xcassets in Resources */,
			);
			runOnlyForDeploymentPostprocessing = 0;
		};
/* End PBXResourcesBuildPhase section */

/* Begin PBXSourcesBuildPhase section */
		621E14E52797CD1200BF5825 /* Sources */ = {
			isa = PBXSourcesBuildPhase;
			buildActionMask = 2147483647;
			files = (
				621E15072797DB7800BF5825 /* FruitData.swift in Sources */,
				620656512799368F00B15DCF /* SourceLinkView.swift in Sources */,
				621E14FD2797D11000BF5825 /* FruitCardView.swift in Sources */,
				6206564B27992DBA00B15DCF /* FruitRowView.swift in Sources */,
				621E14FF2797D48B00BF5825 /* StartButtonView.swift in Sources */,
				6206564D2799313900B15DCF /* FruitDetailView.swift in Sources */,
				621E14EF2797CD1200BF5825 /* ContentView.swift in Sources */,
				6206564F2799344100B15DCF /* FruitHeaderView.swift in Sources */,
				621E15012797D72E00BF5825 /* OnboardingView.swift in Sources */,
				621E15042797DA8400BF5825 /* FruitModel.swift in Sources */,
				621E14ED2797CD1200BF5825 /* FructusApp.swift in Sources */,
			);
			runOnlyForDeploymentPostprocessing = 0;
		};
/* End PBXSourcesBuildPhase section */

/* Begin XCBuildConfiguration section */
		621E14F52797CD1300BF5825 /* Debug */ = {
			isa = XCBuildConfiguration;
			buildSettings = {
				ALWAYS_SEARCH_USER_PATHS = NO;
				CLANG_ANALYZER_NONNULL = YES;
				CLANG_ANALYZER_NUMBER_OBJECT_CONVERSION = YES_AGGRESSIVE;
				CLANG_CXX_LANGUAGE_STANDARD = "gnu++17";
				CLANG_CXX_LIBRARY = "libc++";
				CLANG_ENABLE_MODULES = YES;
				CLANG_ENABLE_OBJC_ARC = YES;
				CLANG_ENABLE_OBJC_WEAK = YES;
				CLANG_WARN_BLOCK_CAPTURE_AUTORELEASING = YES;
				CLANG_WARN_BOOL_CONVERSION = YES;
				CLANG_WARN_COMMA = YES;
				CLANG_WARN_CONSTANT_CONVERSION = YES;
				CLANG_WARN_DEPRECATED_OBJC_IMPLEMENTATIONS = YES;
				CLANG_WARN_DIRECT_OBJC_ISA_USAGE = YES_ERROR;
				CLANG_WARN_DOCUMENTATION_COMMENTS = YES;
				CLANG_WARN_EMPTY_BODY = YES;
				CLANG_WARN_ENUM_CONVERSION = YES;
				CLANG_WARN_INFINITE_RECURSION = YES;
				CLANG_WARN_INT_CONVERSION = YES;
				CLANG_WARN_NON_LITERAL_NULL_CONVERSION = YES;
				CLANG_WARN_OBJC_IMPLICIT_RETAIN_SELF = YES;
				CLANG_WARN_OBJC_LITERAL_CONVERSION = YES;
				CLANG_WARN_OBJC_ROOT_CLASS = YES_ERROR;
				CLANG_WARN_QUOTED_INCLUDE_IN_FRAMEWORK_HEADER = YES;
				CLANG_WARN_RANGE_LOOP_ANALYSIS = YES;
				CLANG_WARN_STRICT_PROTOTYPES = YES;
				CLANG_WARN_SUSPICIOUS_MOVE = YES;
				CLANG_WARN_UNGUARDED_AVAILABILITY = YES_AGGRESSIVE;
				CLANG_WARN_UNREACHABLE_CODE = YES;
				CLANG_WARN__DUPLICATE_METHOD_MATCH = YES;
				COPY_PHASE_STRIP = NO;
				DEBUG_INFORMATION_FORMAT = dwarf;
				ENABLE_STRICT_OBJC_MSGSEND = YES;
				ENABLE_TESTABILITY = YES;
				GCC_C_LANGUAGE_STANDARD = gnu11;
				GCC_DYNAMIC_NO_PIC = NO;
				GCC_NO_COMMON_BLOCKS = YES;
				GCC_OPTIMIZATION_LEVEL = 0;
				GCC_PREPROCESSOR_DEFINITIONS = (
					"DEBUG=1",
					"$(inherited)",
				);
				GCC_WARN_64_TO_32_BIT_CONVERSION = YES;
				GCC_WARN_ABOUT_RETURN_TYPE = YES_ERROR;
				GCC_WARN_UNDECLARED_SELECTOR = YES;
				GCC_WARN_UNINITIALIZED_AUTOS = YES_AGGRESSIVE;
				GCC_WARN_UNUSED_FUNCTION = YES;
				GCC_WARN_UNUSED_VARIABLE = YES;
				IPHONEOS_DEPLOYMENT_TARGET = 15.2;
				MTL_ENABLE_DEBUG_INFO = INCLUDE_SOURCE;
				MTL_FAST_MATH = YES;
				ONLY_ACTIVE_ARCH = YES;
				SDKROOT = iphoneos;
				SWIFT_ACTIVE_COMPILATION_CONDITIONS = DEBUG;
				SWIFT_OPTIMIZATION_LEVEL = "-Onone";
			};
			name = Debug;
		};
		621E14F62797CD1300BF5825 /* Release */ = {
			isa = XCBuildConfiguration;
			buildSettings = {
				ALWAYS_SEARCH_USER_PATHS = NO;
				CLANG_ANALYZER_NONNULL = YES;
				CLANG_ANALYZER_NUMBER_OBJECT_CONVERSION = YES_AGGRESSIVE;
				CLANG_CXX_LANGUAGE_STANDARD = "gnu++17";
				CLANG_CXX_LIBRARY = "libc++";
				CLANG_ENABLE_MODULES = YES;
				CLANG_ENABLE_OBJC_ARC = YES;
				CLANG_ENABLE_OBJC_WEAK = YES;
				CLANG_WARN_BLOCK_CAPTURE_AUTORELEASING = YES;
				CLANG_WARN_BOOL_CONVERSION = YES;
				CLANG_WARN_COMMA = YES;
				CLANG_WARN_CONSTANT_CONVERSION = YES;
				CLANG_WARN_DEPRECATED_OBJC_IMPLEMENTATIONS = YES;
				CLANG_WARN_DIRECT_OBJC_ISA_USAGE = YES_ERROR;
				CLANG_WARN_DOCUMENTATION_COMMENTS = YES;
				CLANG_WARN_EMPTY_BODY = YES;
				CLANG_WARN_ENUM_CONVERSION = YES;
				CLANG_WARN_INFINITE_RECURSION = YES;
				CLANG_WARN_INT_CONVERSION = YES;
				CLANG_WARN_NON_LITERAL_NULL_CONVERSION = YES;
				CLANG_WARN_OBJC_IMPLICIT_RETAIN_SELF = YES;
				CLANG_WARN_OBJC_LITERAL_CONVERSION = YES;
				CLANG_WARN_OBJC_ROOT_CLASS = YES_ERROR;
				CLANG_WARN_QUOTED_INCLUDE_IN_FRAMEWORK_HEADER = YES;
				CLANG_WARN_RANGE_LOOP_ANALYSIS = YES;
				CLANG_WARN_STRICT_PROTOTYPES = YES;
				CLANG_WARN_SUSPICIOUS_MOVE = YES;
				CLANG_WARN_UNGUARDED_AVAILABILITY = YES_AGGRESSIVE;
				CLANG_WARN_UNREACHABLE_CODE = YES;
				CLANG_WARN__DUPLICATE_METHOD_MATCH = YES;
				COPY_PHASE_STRIP = NO;
				DEBUG_INFORMATION_FORMAT = "dwarf-with-dsym";
				ENABLE_NS_ASSERTIONS = NO;
				ENABLE_STRICT_OBJC_MSGSEND = YES;
				GCC_C_LANGUAGE_STANDARD = gnu11;
				GCC_NO_COMMON_BLOCKS = YES;
				GCC_WARN_64_TO_32_BIT_CONVERSION = YES;
				GCC_WARN_ABOUT_RETURN_TYPE = YES_ERROR;
				GCC_WARN_UNDECLARED_SELECTOR = YES;
				GCC_WARN_UNINITIALIZED_AUTOS = YES_AGGRESSIVE;
				GCC_WARN_UNUSED_FUNCTION = YES;
				GCC_WARN_UNUSED_VARIABLE = YES;
				IPHONEOS_DEPLOYMENT_TARGET = 15.2;
				MTL_ENABLE_DEBUG_INFO = NO;
				MTL_FAST_MATH = YES;
				SDKROOT = iphoneos;
				SWIFT_COMPILATION_MODE = wholemodule;
				SWIFT_OPTIMIZATION_LEVEL = "-O";
				VALIDATE_PRODUCT = YES;
			};
			name = Release;
		};
		621E14F82797CD1300BF5825 /* Debug */ = {
			isa = XCBuildConfiguration;
			buildSettings = {
				ASSETCATALOG_COMPILER_APPICON_NAME = AppIcon;
				ASSETCATALOG_COMPILER_GLOBAL_ACCENT_COLOR_NAME = AccentColor;
				CODE_SIGN_STYLE = Automatic;
				CURRENT_PROJECT_VERSION = 1;
				DEVELOPMENT_ASSET_PATHS = "\"Fructus/Preview Content\"";
				DEVELOPMENT_TEAM = AV4T8M55V5;
				ENABLE_PREVIEWS = YES;
				GENERATE_INFOPLIST_FILE = YES;
				INFOPLIST_KEY_UIApplicationSceneManifest_Generation = YES;
				INFOPLIST_KEY_UIApplicationSupportsIndirectInputEvents = YES;
				INFOPLIST_KEY_UILaunchScreen_Generation = YES;
				INFOPLIST_KEY_UISupportedInterfaceOrientations = UIInterfaceOrientationPortrait;
				INFOPLIST_KEY_UISupportedInterfaceOrientations_iPad = "UIInterfaceOrientationPortrait UIInterfaceOrientationPortraitUpsideDown UIInterfaceOrientationLandscapeLeft UIInterfaceOrientationLandscapeRight";
				INFOPLIST_KEY_UISupportedInterfaceOrientations_iPhone = UIInterfaceOrientationPortrait;
				LD_RUNPATH_SEARCH_PATHS = (
					"$(inherited)",
					"@executable_path/Frameworks",
				);
				MARKETING_VERSION = 1.0;
				PRODUCT_BUNDLE_IDENTIFIER = com.sebasorozcob.Fructus;
				PRODUCT_NAME = "$(TARGET_NAME)";
				SWIFT_EMIT_LOC_STRINGS = YES;
				SWIFT_VERSION = 5.0;
				TARGETED_DEVICE_FAMILY = "1,2";
			};
			name = Debug;
		};
		621E14F92797CD1300BF5825 /* Release */ = {
			isa = XCBuildConfiguration;
			buildSettings = {
				ASSETCATALOG_COMPILER_APPICON_NAME = AppIcon;
				ASSETCATALOG_COMPILER_GLOBAL_ACCENT_COLOR_NAME = AccentColor;
				CODE_SIGN_STYLE = Automatic;
				CURRENT_PROJECT_VERSION = 1;
				DEVELOPMENT_ASSET_PATHS = "\"Fructus/Preview Content\"";
				DEVELOPMENT_TEAM = AV4T8M55V5;
				ENABLE_PREVIEWS = YES;
				GENERATE_INFOPLIST_FILE = YES;
				INFOPLIST_KEY_UIApplicationSceneManifest_Generation = YES;
				INFOPLIST_KEY_UIApplicationSupportsIndirectInputEvents = YES;
				INFOPLIST_KEY_UILaunchScreen_Generation = YES;
				INFOPLIST_KEY_UISupportedInterfaceOrientations = UIInterfaceOrientationPortrait;
				INFOPLIST_KEY_UISupportedInterfaceOrientations_iPad = "UIInterfaceOrientationPortrait UIInterfaceOrientationPortraitUpsideDown UIInterfaceOrientationLandscapeLeft UIInterfaceOrientationLandscapeRight";
				INFOPLIST_KEY_UISupportedInterfaceOrientations_iPhone = UIInterfaceOrientationPortrait;
				LD_RUNPATH_SEARCH_PATHS = (
					"$(inherited)",
					"@executable_path/Frameworks",
				);
				MARKETING_VERSION = 1.0;
				PRODUCT_BUNDLE_IDENTIFIER = com.sebasorozcob.Fructus;
				PRODUCT_NAME = "$(TARGET_NAME)";
				SWIFT_EMIT_LOC_STRINGS = YES;
				SWIFT_VERSION = 5.0;
				TARGETED_DEVICE_FAMILY = "1,2";
			};
			name = Release;
		};
/* End XCBuildConfiguration section */

/* Begin XCConfigurationList section */
		621E14E42797CD1200BF5825 /* Build configuration list for PBXProject "Fructus" */ = {
			isa = XCConfigurationList;
			buildConfigurations = (
				621E14F52797CD1300BF5825 /* Debug */,
				621E14F62797CD1300BF5825 /* Release */,
			);
			defaultConfigurationIsVisible = 0;
			defaultConfigurationName = Release;
		};
		621E14F72797CD1300BF5825 /* Build configuration list for PBXNativeTarget "Fructus" */ = {
			isa = XCConfigurationList;
			buildConfigurations = (
				621E14F82797CD1300BF5825 /* Debug */,
				621E14F92797CD1300BF5825 /* Release */,
			);
			defaultConfigurationIsVisible = 0;
			defaultConfigurationName = Release;
		};
/* End XCConfigurationList section */
	};
	rootObject = 621E14E12797CD1200BF5825 /* Project object */;
}
